
Microsoft Visual Studio Solution File, Format Version 12.00
# Visual Studio Version 16
VisualStudioVersion = 16.0.30804.86
MinimumVisualStudioVersion = 10.0.40219.1
Project("{FAE04EC0-301F-11D3-BF4B-00C04F79EFBC}") = "ARKANOID", "ARKANOID\ARKANOID.csproj", "{0B53D7E9-7D08-4D15-9F60-879AC0B7365C}"
EndProject
Global
	GlobalSection(SolutionConfigurationPlatforms) = preSolution
		Debug|Any CPU = Debug|Any CPU
		Release|Any CPU = Release|Any CPU
	EndGlobalSection
	GlobalSection(ProjectConfigurationPlatforms) = postSolution
		{0B53D7E9-7D08-4D15-9F60-879AC0B7365C}.Debug|Any CPU.ActiveCfg = Debug|Any CPU
		{0B53D7E9-7D08-4D15-9F60-879AC0B7365C}.Debug|Any CPU.Build.0 = Debug|Any CPU
		{0B53D7E9-7D08-4D15-9F60-879AC0B7365C}.Release|Any CPU.ActiveCfg = Release|Any CPU
		{0B53D7E9-7D08-4D15-9F60-879AC0B7365C}.Release|Any CPU.Build.0 = Release|Any CPU
	EndGlobalSection
	GlobalSection(SolutionProperties) = preSolution
		HideSolutionNode = FALSE
	EndGlobalSection
	GlobalSection(ExtensibilityGlobals) = postSolution
		SolutionGuid = {AF9B6842-A4A5-4E19-B3BA-23201EEF8FE1}
	EndGlobalSection
EndGlobal
